
Microsoft Visual Studio Solution File, Format Version 12.00
# Visual Studio Version 16
VisualStudioVersion = 16.0.29709.97
MinimumVisualStudioVersion = 10.0.40219.1
Project("{9A19103F-16F7-4668-BE54-9A1E7A4F7556}") = "Pokedex", "Pokedex\Pokedex.csproj", "{918D498B-DC73-4D64-BDBF-A678D52DE075}"
EndProject
Project("{FAE04EC0-301F-11D3-BF4B-00C04F79EFBC}") = "PokedexTest", "PokedexTest\PokedexTest.csproj", "{6ADE54A1-05C0-4CC2-9622-B392D062FAD2}"
EndProject
Global
	GlobalSection(SolutionConfigurationPlatforms) = preSolution
		Debug|Any CPU = Debug|Any CPU
		Release|Any CPU = Release|Any CPU
	EndGlobalSection
	GlobalSection(ProjectConfigurationPlatforms) = postSolution
		{918D498B-DC73-4D64-BDBF-A678D52DE075}.Debug|Any CPU.ActiveCfg = Debug|Any CPU
		{918D498B-DC73-4D64-BDBF-A678D52DE075}.Debug|Any CPU.Build.0 = Debug|Any CPU
		{918D498B-DC73-4D64-BDBF-A678D52DE075}.Release|Any CPU.ActiveCfg = Release|Any CPU
		{918D498B-DC73-4D64-BDBF-A678D52DE075}.Release|Any CPU.Build.0 = Release|Any CPU
		{6ADE54A1-05C0-4CC2-9622-B392D062FAD2}.Debug|Any CPU.ActiveCfg = Debug|Any CPU
		{6ADE54A1-05C0-4CC2-9622-B392D062FAD2}.Debug|Any CPU.Build.0 = Debug|Any CPU
		{6ADE54A1-05C0-4CC2-9622-B392D062FAD2}.Release|Any CPU.ActiveCfg = Release|Any CPU
		{6ADE54A1-05C0-4CC2-9622-B392D062FAD2}.Release|Any CPU.Build.0 = Release|Any CPU
	EndGlobalSection
	GlobalSection(SolutionProperties) = preSolution
		HideSolutionNode = FALSE
	EndGlobalSection
	GlobalSection(ExtensibilityGlobals) = postSolution
		SolutionGuid = {48982725-F8FF-44EE-8B14-65ACA30B5C12}
	EndGlobalSection
EndGlobal
